Microsoft Visual Studio Solution File, Format Version 12.00
# Visual Studio Version 17
VisualStudioVersion = 17.5.2.0
MinimumVisualStudioVersion = 10.0.40219.1
Project("{FAE04EC0-301F-11D3-BF4B-00C04F79EFBC}") = "Microsoft.Agents.Client", "Microsoft.Agents.Client.csproj", "{A342909C-FC63-1D60-34FB-AA7EA975599B}"
EndProject
Global
	GlobalSection(SolutionConfigurationPlatforms) = preSolution
		Debug|Any CPU = Debug|Any CPU
		Release|Any CPU = Release|Any CPU
	EndGlobalSection
	GlobalSection(ProjectConfigurationPlatforms) = postSolution
		{A342909C-FC63-1D60-34FB-AA7EA975599B}.Debug|Any CPU.ActiveCfg = Debug|Any CPU
		{A342909C-FC63-1D60-34FB-AA7EA975599B}.Debug|Any CPU.Build.0 = Debug|Any CPU
		{A342909C-FC63-1D60-34FB-AA7EA975599B}.Release|Any CPU.ActiveCfg = Release|Any CPU
		{A342909C-FC63-1D60-34FB-AA7EA975599B}.Release|Any CPU.Build.0 = Release|Any CPU
	EndGlobalSection
	GlobalSection(SolutionProperties) = preSolution
		HideSolutionNode = FALSE
	EndGlobalSection
	GlobalSection(ExtensibilityGlobals) = postSolution
		SolutionGuid = {EDF848F2-4466-4ABB-AE6D-E7E61AF3AB10}
	EndGlobalSection
EndGlobal
